
Microsoft Visual Studio Solution File, Format Version 12.00
# Visual Studio Version 17
VisualStudioVersion = 17.14.36203.30
MinimumVisualStudioVersion = 10.0.40219.1
Project("{2150E333-8FDC-42A3-9474-1A3956D46DE8}") = "Presentation", "Presentation", "{02EA681E-C7D8-13C7-8484-4AC65E1B71E8}"
EndProject
Project("{2150E333-8FDC-42A3-9474-1A3956D46DE8}") = "Application", "Application", "{B7801E07-160D-4989-AF5E-556C742BF617}"
EndProject
Project("{2150E333-8FDC-42A3-9474-1A3956D46DE8}") = "Domain", "Domain", "{67AC99B9-F162-487C-83E7-49FFCE2146A6}"
EndProject
Project("{9A19103F-16F7-4668-BE54-9A1E7A4F7556}") = "SGRH.Application", "SGRH.Application\SGRH.Application.csproj", "{B9E4071D-C253-4629-B994-9FBA86DE11A4}"
EndProject
Project("{9A19103F-16F7-4668-BE54-9A1E7A4F7556}") = "SGRH.Domain", "SGRH.Domain\SGRH.Domain.csproj", "{DA3105D2-A051-41DF-957A-9D4CA884D486}"
EndProject
Project("{54A90642-561A-4BB1-A94E-469ADEE60C69}") = "sgrh.web.client", "SGRH.Web\sgrh.web.client\sgrh.web.client.esproj", "{8BA897B8-AD25-D7A6-42A4-F2A5D8A0D5C2}"
EndProject
Project("{9A19103F-16F7-4668-BE54-9A1E7A4F7556}") = "SGRH.Web.Server", "SGRH.Web\SGRH.Web.Server\SGRH.Web.Server.csproj", "{7E9ADE90-6B00-41F1-B057-F47CC33ACE80}"
EndProject
Project("{2150E333-8FDC-42A3-9474-1A3956D46DE8}") = "Infraesctruture", "Infraesctruture", "{E05272B1-4E84-4FFE-852D-5758A5C49433}"
EndProject
Project("{9A19103F-16F7-4668-BE54-9A1E7A4F7556}") = "SGRH.Persistence", "SGRH.Persistence\SGRH.Persistence.csproj", "{38A30F45-7AF6-4ED9-9FE3-22C337534478}"
EndProject
Project("{9A19103F-16F7-4668-BE54-9A1E7A4F7556}") = "SGRH.Infraestructure", "SGRH.Infraestructure\SGRH.Infraestructure.csproj", "{E63B6F66-D3D5-40E6-A950-E1BC90D809A8}"
EndProject
Project("{2150E333-8FDC-42A3-9474-1A3956D46DE8}") = "Api", "Api", "{7D18D905-0A51-48A9-AC0D-1AF0C988CD0A}"
EndProject
Project("{9A19103F-16F7-4668-BE54-9A1E7A4F7556}") = "SGRH.WebApp.Api", "SGRH.WebApp.Api\SGRH.WebApp.Api.csproj", "{940346A1-9D26-4FC5-9BF2-D8473044C887}"
EndProject
Project("{9A19103F-16F7-4668-BE54-9A1E7A4F7556}") = "SGRH.Mobile.Api", "SGRH.Mobile.Api\SGRH.Mobile.Api.csproj", "{BF23E49A-438F-48C4-A228-CFF4D0A2BACC}"
EndProject
Project("{9A19103F-16F7-4668-BE54-9A1E7A4F7556}") = "SGRH.Model", "SGRH.Model\SGRH.Model.csproj", "{B4634B46-67C1-49D3-89C5-C99C27351D23}"
EndProject
Project("{2150E333-8FDC-42A3-9474-1A3956D46DE8}") = "IOC", "IOC", "{45E22A26-8CF7-41CD-9D40-4D06E3881EEA}"
EndProject
Project("{9A19103F-16F7-4668-BE54-9A1E7A4F7556}") = "SGRH.IOC", "SGRH.IOC\SGRH.IOC.csproj", "{7B1A098D-F234-4E1B-8BA8-89049AAAAC0C}"
EndProject
Project("{2150E333-8FDC-42A3-9474-1A3956D46DE8}") = "Test", "Test", "{AD80FAD0-C1DB-406E-8B3E-4FB06BBBEFC5}"
EndProject
Project("{9A19103F-16F7-4668-BE54-9A1E7A4F7556}") = "SGRH.Persistence.Test", "SGRH.Persistence.Test\SGRH.Persistence.Test.csproj", "{D72C0F74-2736-4960-A73D-E52127736457}"
EndProject
Project("{9A19103F-16F7-4668-BE54-9A1E7A4F7556}") = "SGRH.Application.Test", "SGRH.Application.Test\SGRH.Application.Test.csproj", "{D0F26DBD-D330-487E-96E4-FEAA6122B213}"
EndProject
Project("{2150E333-8FDC-42A3-9474-1A3956D46DE8}") = "Entities", "Entities", "{E4C97FF6-5FE1-44B0-BC7D-C1955D30E9CB}"
	ProjectSection(SolutionItems) = preProject
		Clientes.cs = Clientes.cs
	EndProjectSection
EndProject
Global
	GlobalSection(SolutionConfigurationPlatforms) = preSolution
		Debug|Any CPU = Debug|Any CPU
		Release|Any CPU = Release|Any CPU
	EndGlobalSection
	GlobalSection(ProjectConfigurationPlatforms) = postSolution
		{B9E4071D-C253-4629-B994-9FBA86DE11A4}.Debug|Any CPU.ActiveCfg = Debug|Any CPU
		{B9E4071D-C253-4629-B994-9FBA86DE11A4}.Debug|Any CPU.Build.0 = Debug|Any CPU
		{B9E4071D-C253-4629-B994-9FBA86DE11A4}.Release|Any CPU.ActiveCfg = Release|Any CPU
		{B9E4071D-C253-4629-B994-9FBA86DE11A4}.Release|Any CPU.Build.0 = Release|Any CPU
		{DA3105D2-A051-41DF-957A-9D4CA884D486}.Debug|Any CPU.ActiveCfg = Debug|Any CPU
		{DA3105D2-A051-41DF-957A-9D4CA884D486}.Debug|Any CPU.Build.0 = Debug|Any CPU
		{DA3105D2-A051-41DF-957A-9D4CA884D486}.Release|Any CPU.ActiveCfg = Release|Any CPU
		{DA3105D2-A051-41DF-957A-9D4CA884D486}.Release|Any CPU.Build.0 = Release|Any CPU
		{8BA897B8-AD25-D7A6-42A4-F2A5D8A0D5C2}.Debug|Any CPU.ActiveCfg = Debug|Any CPU
		{8BA897B8-AD25-D7A6-42A4-F2A5D8A0D5C2}.Debug|Any CPU.Build.0 = Debug|Any CPU
		{8BA897B8-AD25-D7A6-42A4-F2A5D8A0D5C2}.Debug|Any CPU.Deploy.0 = Debug|Any CPU
		{8BA897B8-AD25-D7A6-42A4-F2A5D8A0D5C2}.Release|Any CPU.ActiveCfg = Release|Any CPU
		{8BA897B8-AD25-D7A6-42A4-F2A5D8A0D5C2}.Release|Any CPU.Build.0 = Release|Any CPU
		{8BA897B8-AD25-D7A6-42A4-F2A5D8A0D5C2}.Release|Any CPU.Deploy.0 = Release|Any CPU
		{7E9ADE90-6B00-41F1-B057-F47CC33ACE80}.Debug|Any CPU.ActiveCfg = Debug|Any CPU
		{7E9ADE90-6B00-41F1-B057-F47CC33ACE80}.Debug|Any CPU.Build.0 = Debug|Any CPU
		{7E9ADE90-6B00-41F1-B057-F47CC33ACE80}.Release|Any CPU.ActiveCfg = Release|Any CPU
		{7E9ADE90-6B00-41F1-B057-F47CC33ACE80}.Release|Any CPU.Build.0 = Release|Any CPU
		{38A30F45-7AF6-4ED9-9FE3-22C337534478}.Debug|Any CPU.ActiveCfg = Debug|Any CPU
		{38A30F45-7AF6-4ED9-9FE3-22C337534478}.Debug|Any CPU.Build.0 = Debug|Any CPU
		{38A30F45-7AF6-4ED9-9FE3-22C337534478}.Release|Any CPU.ActiveCfg = Release|Any CPU
		{38A30F45-7AF6-4ED9-9FE3-22C337534478}.Release|Any CPU.Build.0 = Release|Any CPU
		{E63B6F66-D3D5-40E6-A950-E1BC90D809A8}.Debug|Any CPU.ActiveCfg = Debug|Any CPU
		{E63B6F66-D3D5-40E6-A950-E1BC90D809A8}.Debug|Any CPU.Build.0 = Debug|Any CPU
		{E63B6F66-D3D5-40E6-A950-E1BC90D809A8}.Release|Any CPU.ActiveCfg = Release|Any CPU
		{E63B6F66-D3D5-40E6-A950-E1BC90D809A8}.Release|Any CPU.Build.0 = Release|Any CPU
		{940346A1-9D26-4FC5-9BF2-D8473044C887}.Debug|Any CPU.ActiveCfg = Debug|Any CPU
		{940346A1-9D26-4FC5-9BF2-D8473044C887}.Debug|Any CPU.Build.0 = Debug|Any CPU
		{940346A1-9D26-4FC5-9BF2-D8473044C887}.Release|Any CPU.ActiveCfg = Release|Any CPU
		{940346A1-9D26-4FC5-9BF2-D8473044C887}.Release|Any CPU.Build.0 = Release|Any CPU
		{BF23E49A-438F-48C4-A228-CFF4D0A2BACC}.Debug|Any CPU.ActiveCfg = Debug|Any CPU
		{BF23E49A-438F-48C4-A228-CFF4D0A2BACC}.Debug|Any CPU.Build.0 = Debug|Any CPU
		{BF23E49A-438F-48C4-A228-CFF4D0A2BACC}.Release|Any CPU.ActiveCfg = Release|Any CPU
		{BF23E49A-438F-48C4-A228-CFF4D0A2BACC}.Release|Any CPU.Build.0 = Release|Any CPU
		{B4634B46-67C1-49D3-89C5-C99C27351D23}.Debug|Any CPU.ActiveCfg = Debug|Any CPU
		{B4634B46-67C1-49D3-89C5-C99C27351D23}.Debug|Any CPU.Build.0 = Debug|Any CPU
		{B4634B46-67C1-49D3-89C5-C99C27351D23}.Release|Any CPU.ActiveCfg = Release|Any CPU
		{B4634B46-67C1-49D3-89C5-C99C27351D23}.Release|Any CPU.Build.0 = Release|Any CPU
		{7B1A098D-F234-4E1B-8BA8-89049AAAAC0C}.Debug|Any CPU.ActiveCfg = Debug|Any CPU
		{7B1A098D-F234-4E1B-8BA8-89049AAAAC0C}.Debug|Any CPU.Build.0 = Debug|Any CPU
		{7B1A098D-F234-4E1B-8BA8-89049AAAAC0C}.Release|Any CPU.ActiveCfg = Release|Any CPU
		{7B1A098D-F234-4E1B-8BA8-89049AAAAC0C}.Release|Any CPU.Build.0 = Release|Any CPU
		{D72C0F74-2736-4960-A73D-E52127736457}.Debug|Any CPU.ActiveCfg = Debug|Any CPU
		{D72C0F74-2736-4960-A73D-E52127736457}.Debug|Any CPU.Build.0 = Debug|Any CPU
		{D72C0F74-2736-4960-A73D-E52127736457}.Release|Any CPU.ActiveCfg = Release|Any CPU
		{D72C0F74-2736-4960-A73D-E52127736457}.Release|Any CPU.Build.0 = Release|Any CPU
		{D0F26DBD-D330-487E-96E4-FEAA6122B213}.Debug|Any CPU.ActiveCfg = Debug|Any CPU
		{D0F26DBD-D330-487E-96E4-FEAA6122B213}.Debug|Any CPU.Build.0 = Debug|Any CPU
		{D0F26DBD-D330-487E-96E4-FEAA6122B213}.Release|Any CPU.ActiveCfg = Release|Any CPU
		{D0F26DBD-D330-487E-96E4-FEAA6122B213}.Release|Any CPU.Build.0 = Release|Any CPU
	EndGlobalSection
	GlobalSection(SolutionProperties) = preSolution
		HideSolutionNode = FALSE
	EndGlobalSection
	GlobalSection(NestedProjects) = preSolution
		{B9E4071D-C253-4629-B994-9FBA86DE11A4} = {B7801E07-160D-4989-AF5E-556C742BF617}
		{DA3105D2-A051-41DF-957A-9D4CA884D486} = {67AC99B9-F162-487C-83E7-49FFCE2146A6}
		{8BA897B8-AD25-D7A6-42A4-F2A5D8A0D5C2} = {02EA681E-C7D8-13C7-8484-4AC65E1B71E8}
		{7E9ADE90-6B00-41F1-B057-F47CC33ACE80} = {02EA681E-C7D8-13C7-8484-4AC65E1B71E8}
		{38A30F45-7AF6-4ED9-9FE3-22C337534478} = {E05272B1-4E84-4FFE-852D-5758A5C49433}
		{E63B6F66-D3D5-40E6-A950-E1BC90D809A8} = {E05272B1-4E84-4FFE-852D-5758A5C49433}
		{940346A1-9D26-4FC5-9BF2-D8473044C887} = {7D18D905-0A51-48A9-AC0D-1AF0C988CD0A}
		{BF23E49A-438F-48C4-A228-CFF4D0A2BACC} = {7D18D905-0A51-48A9-AC0D-1AF0C988CD0A}
		{B4634B46-67C1-49D3-89C5-C99C27351D23} = {67AC99B9-F162-487C-83E7-49FFCE2146A6}
		{7B1A098D-F234-4E1B-8BA8-89049AAAAC0C} = {45E22A26-8CF7-41CD-9D40-4D06E3881EEA}
		{D72C0F74-2736-4960-A73D-E52127736457} = {AD80FAD0-C1DB-406E-8B3E-4FB06BBBEFC5}
		{D0F26DBD-D330-487E-96E4-FEAA6122B213} = {AD80FAD0-C1DB-406E-8B3E-4FB06BBBEFC5}
	EndGlobalSection
	GlobalSection(ExtensibilityGlobals) = postSolution
		SolutionGuid = {DFB7C2C6-32BD-4CF0-85DE-F2E1849EFBA4}
	EndGlobalSection
EndGlobal
